
Microsoft Visual Studio Solution File, Format Version 12.00
# Visual Studio Version 16
VisualStudioVersion = 16.0.31729.503
MinimumVisualStudioVersion = 10.0.40219.1
Project("{9A19103F-16F7-4668-BE54-9A1E7A4F7556}") = "Csharp_01", "Csharp_01\Csharp_01.csproj", "{749EE82D-DE44-4CB1-8AD1-DBA44D678645}"
EndProject
Project("{9A19103F-16F7-4668-BE54-9A1E7A4F7556}") = "Csharp_02", "Csharp_02\Csharp_02.csproj", "{809E0E59-B65A-4EE3-81DC-EED7DBA87FDF}"
EndProject
Project("{9A19103F-16F7-4668-BE54-9A1E7A4F7556}") = "Csharp_03", "Csharp_03\Csharp_03.csproj", "{00E16134-AB2F-4519-820C-8DE4D7860891}"
EndProject
Project("{9A19103F-16F7-4668-BE54-9A1E7A4F7556}") = "Csharp_04", "Csharp_04\Csharp_04.csproj", "{DEDA965E-3391-46B5-9405-D63CE93C60FF}"
EndProject
Project("{9A19103F-16F7-4668-BE54-9A1E7A4F7556}") = "Csharp_05", "Csharp_05\Csharp_05.csproj", "{4A084BC2-F289-4B54-8F7F-51365FCA5CB6}"
EndProject
Project("{9A19103F-16F7-4668-BE54-9A1E7A4F7556}") = "Csharp_06", "Csharp_06\Csharp_06.csproj", "{99D40AC3-4499-4462-86FC-81CB51F1623D}"
EndProject
Project("{9A19103F-16F7-4668-BE54-9A1E7A4F7556}") = "CSHARP_07", "CSHARP_07\CSHARP_07.csproj", "{6E7051E3-222E-497E-8211-6CA124904F35}"
EndProject
Project("{9A19103F-16F7-4668-BE54-9A1E7A4F7556}") = "CSHARP_08", "CSHARP_08\CSHARP_08.csproj", "{4074B7D4-192D-4242-8FDD-CCF5C03B7B42}"
EndProject
Project("{9A19103F-16F7-4668-BE54-9A1E7A4F7556}") = "CSHARP_09", "CSHARP_09\CSHARP_09.csproj", "{2A12FAB2-6F95-40D4-BA22-FB4C6469B04E}"
EndProject
Project("{9A19103F-16F7-4668-BE54-9A1E7A4F7556}") = "CSHARP_10", "CSHARP_10\CSHARP_10.csproj", "{67FBB37E-4C51-4884-AD48-4A820795A502}"
EndProject
Project("{9A19103F-16F7-4668-BE54-9A1E7A4F7556}") = "CSHARP_11", "CSHARP_11\CSHARP_11.csproj", "{64A376B8-4B43-45BF-96BD-82E256A871BA}"
EndProject
Project("{9A19103F-16F7-4668-BE54-9A1E7A4F7556}") = "CSHARP_12", "CSHARP_12\CSHARP_12.csproj", "{A25E0506-9E85-4C06-B7B7-46AAED280BED}"
EndProject
Project("{9A19103F-16F7-4668-BE54-9A1E7A4F7556}") = "CHARP_13", "CHARP_13\CHARP_13.csproj", "{044AC215-983D-4FF1-8308-572E09D08AD4}"
EndProject
Project("{9A19103F-16F7-4668-BE54-9A1E7A4F7556}") = "CSHARP_14", "CSHARP_14\CSHARP_14.csproj", "{D38F372B-CFA0-4B2C-9BC3-746A3C4AEC44}"
EndProject
Project("{9A19103F-16F7-4668-BE54-9A1E7A4F7556}") = "ASSIGNMENT", "ASSIGNMENT\ASSIGNMENT.csproj", "{60AD806E-4127-408E-87B0-A7326BDE7937}"
EndProject
Project("{9A19103F-16F7-4668-BE54-9A1E7A4F7556}") = "OUTREF", "OUTREF\OUTREF.csproj", "{867011A3-952A-4874-903A-51F773C499D3}"
EndProject
Project("{9A19103F-16F7-4668-BE54-9A1E7A4F7556}") = "OUTREF1", "OUTREF1\OUTREF1.csproj", "{76013C5F-7248-4D76-9CA6-CCCC1E653CA7}"
EndProject
Project("{9A19103F-16F7-4668-BE54-9A1E7A4F7556}") = "InterfacePro", "InterfacePro\InterfacePro.csproj", "{C631FCAC-0336-4508-A024-E38134640F5C}"
EndProject
Project("{9A19103F-16F7-4668-BE54-9A1E7A4F7556}") = "InterfaceConsole", "InterfaceConsole\InterfaceConsole.csproj", "{FD01B798-0C85-470F-A8E3-57E23CB26265}"
EndProject
Project("{9A19103F-16F7-4668-BE54-9A1E7A4F7556}") = "EnumProcess", "EnumProcess\EnumProcess.csproj", "{AF49F425-C550-49FF-93D9-2919864C79BF}"
EndProject
Project("{9A19103F-16F7-4668-BE54-9A1E7A4F7556}") = "EnumConsoleApp", "EnumConsoleApp\EnumConsoleApp.csproj", "{7EBCCFD6-B6C6-4429-BF76-5FE78A16EDFD}"
EndProject
Project("{9A19103F-16F7-4668-BE54-9A1E7A4F7556}") = "InterfaceProSneha", "InterfaceProSneha\InterfaceProSneha.csproj", "{24874ABD-CA06-477D-A082-6F96D622D5E0}"
EndProject
Project("{9A19103F-16F7-4668-BE54-9A1E7A4F7556}") = "InterfaceConsoleSneha", "InterfaceConsoleSneha\InterfaceConsoleSneha.csproj", "{DC74C212-9928-47F8-9BFB-B42D4E41FF4E}"
EndProject
Project("{9A19103F-16F7-4668-BE54-9A1E7A4F7556}") = "EnumCalculatorProcess", "EnumProcessSneha\EnumCalculatorProcess.csproj", "{082E896D-74CE-4705-A7ED-0E87138CF2DB}"
EndProject
Project("{9A19103F-16F7-4668-BE54-9A1E7A4F7556}") = "EnumCalculatorConsoleApp", "EnumCalculatorConsoleApp\EnumCalculatorConsoleApp.csproj", "{52BB6537-D2D7-4CF0-8B81-8678076A8918}"
EndProject
Global
	GlobalSection(SolutionConfigurationPlatforms) = preSolution
		Debug|Any CPU = Debug|Any CPU
		Release|Any CPU = Release|Any CPU
	EndGlobalSection
	GlobalSection(ProjectConfigurationPlatforms) = postSolution
		{749EE82D-DE44-4CB1-8AD1-DBA44D678645}.Debug|Any CPU.ActiveCfg = Debug|Any CPU
		{749EE82D-DE44-4CB1-8AD1-DBA44D678645}.Debug|Any CPU.Build.0 = Debug|Any CPU
		{749EE82D-DE44-4CB1-8AD1-DBA44D678645}.Release|Any CPU.ActiveCfg = Release|Any CPU
		{749EE82D-DE44-4CB1-8AD1-DBA44D678645}.Release|Any CPU.Build.0 = Release|Any CPU
		{809E0E59-B65A-4EE3-81DC-EED7DBA87FDF}.Debug|Any CPU.ActiveCfg = Debug|Any CPU
		{809E0E59-B65A-4EE3-81DC-EED7DBA87FDF}.Debug|Any CPU.Build.0 = Debug|Any CPU
		{809E0E59-B65A-4EE3-81DC-EED7DBA87FDF}.Release|Any CPU.ActiveCfg = Release|Any CPU
		{809E0E59-B65A-4EE3-81DC-EED7DBA87FDF}.Release|Any CPU.Build.0 = Release|Any CPU
		{00E16134-AB2F-4519-820C-8DE4D7860891}.Debug|Any CPU.ActiveCfg = Debug|Any CPU
		{00E16134-AB2F-4519-820C-8DE4D7860891}.Debug|Any CPU.Build.0 = Debug|Any CPU
		{00E16134-AB2F-4519-820C-8DE4D7860891}.Release|Any CPU.ActiveCfg = Release|Any CPU
		{00E16134-AB2F-4519-820C-8DE4D7860891}.Release|Any CPU.Build.0 = Release|Any CPU
		{DEDA965E-3391-46B5-9405-D63CE93C60FF}.Debug|Any CPU.ActiveCfg = Debug|Any CPU
		{DEDA965E-3391-46B5-9405-D63CE93C60FF}.Debug|Any CPU.Build.0 = Debug|Any CPU
		{DEDA965E-3391-46B5-9405-D63CE93C60FF}.Release|Any CPU.ActiveCfg = Release|Any CPU
		{DEDA965E-3391-46B5-9405-D63CE93C60FF}.Release|Any CPU.Build.0 = Release|Any CPU
		{4A084BC2-F289-4B54-8F7F-51365FCA5CB6}.Debug|Any CPU.ActiveCfg = Debug|Any CPU
		{4A084BC2-F289-4B54-8F7F-51365FCA5CB6}.Debug|Any CPU.Build.0 = Debug|Any CPU
		{4A084BC2-F289-4B54-8F7F-51365FCA5CB6}.Release|Any CPU.ActiveCfg = Release|Any CPU
		{4A084BC2-F289-4B54-8F7F-51365FCA5CB6}.Release|Any CPU.Build.0 = Release|Any CPU
		{99D40AC3-4499-4462-86FC-81CB51F1623D}.Debug|Any CPU.ActiveCfg = Debug|Any CPU
		{99D40AC3-4499-4462-86FC-81CB51F1623D}.Debug|Any CPU.Build.0 = Debug|Any CPU
		{99D40AC3-4499-4462-86FC-81CB51F1623D}.Release|Any CPU.ActiveCfg = Release|Any CPU
		{99D40AC3-4499-4462-86FC-81CB51F1623D}.Release|Any CPU.Build.0 = Release|Any CPU
		{6E7051E3-222E-497E-8211-6CA124904F35}.Debug|Any CPU.ActiveCfg = Debug|Any CPU
		{6E7051E3-222E-497E-8211-6CA124904F35}.Debug|Any CPU.Build.0 = Debug|Any CPU
		{6E7051E3-222E-497E-8211-6CA124904F35}.Release|Any CPU.ActiveCfg = Release|Any CPU
		{6E7051E3-222E-497E-8211-6CA124904F35}.Release|Any CPU.Build.0 = Release|Any CPU
		{4074B7D4-192D-4242-8FDD-CCF5C03B7B42}.Debug|Any CPU.ActiveCfg = Debug|Any CPU
		{4074B7D4-192D-4242-8FDD-CCF5C03B7B42}.Debug|Any CPU.Build.0 = Debug|Any CPU
		{4074B7D4-192D-4242-8FDD-CCF5C03B7B42}.Release|Any CPU.ActiveCfg = Release|Any CPU
		{4074B7D4-192D-4242-8FDD-CCF5C03B7B42}.Release|Any CPU.Build.0 = Release|Any CPU
		{2A12FAB2-6F95-40D4-BA22-FB4C6469B04E}.Debug|Any CPU.ActiveCfg = Debug|Any CPU
		{2A12FAB2-6F95-40D4-BA22-FB4C6469B04E}.Debug|Any CPU.Build.0 = Debug|Any CPU
		{2A12FAB2-6F95-40D4-BA22-FB4C6469B04E}.Release|Any CPU.ActiveCfg = Release|Any CPU
		{2A12FAB2-6F95-40D4-BA22-FB4C6469B04E}.Release|Any CPU.Build.0 = Release|Any CPU
		{67FBB37E-4C51-4884-AD48-4A820795A502}.Debug|Any CPU.ActiveCfg = Debug|Any CPU
		{67FBB37E-4C51-4884-AD48-4A820795A502}.Debug|Any CPU.Build.0 = Debug|Any CPU
		{67FBB37E-4C51-4884-AD48-4A820795A502}.Release|Any CPU.ActiveCfg = Release|Any CPU
		{67FBB37E-4C51-4884-AD48-4A820795A502}.Release|Any CPU.Build.0 = Release|Any CPU
		{64A376B8-4B43-45BF-96BD-82E256A871BA}.Debug|Any CPU.ActiveCfg = Debug|Any CPU
		{64A376B8-4B43-45BF-96BD-82E256A871BA}.Debug|Any CPU.Build.0 = Debug|Any CPU
		{64A376B8-4B43-45BF-96BD-82E256A871BA}.Release|Any CPU.ActiveCfg = Release|Any CPU
		{64A376B8-4B43-45BF-96BD-82E256A871BA}.Release|Any CPU.Build.0 = Release|Any CPU
		{A25E0506-9E85-4C06-B7B7-46AAED280BED}.Debug|Any CPU.ActiveCfg = Debug|Any CPU
		{A25E0506-9E85-4C06-B7B7-46AAED280BED}.Debug|Any CPU.Build.0 = Debug|Any CPU
		{A25E0506-9E85-4C06-B7B7-46AAED280BED}.Release|Any CPU.ActiveCfg = Release|Any CPU
		{A25E0506-9E85-4C06-B7B7-46AAED280BED}.Release|Any CPU.Build.0 = Release|Any CPU
		{044AC215-983D-4FF1-8308-572E09D08AD4}.Debug|Any CPU.ActiveCfg = Debug|Any CPU
		{044AC215-983D-4FF1-8308-572E09D08AD4}.Debug|Any CPU.Build.0 = Debug|Any CPU
		{044AC215-983D-4FF1-8308-572E09D08AD4}.Release|Any CPU.ActiveCfg = Release|Any CPU
		{044AC215-983D-4FF1-8308-572E09D08AD4}.Release|Any CPU.Build.0 = Release|Any CPU
		{D38F372B-CFA0-4B2C-9BC3-746A3C4AEC44}.Debug|Any CPU.ActiveCfg = Debug|Any CPU
		{D38F372B-CFA0-4B2C-9BC3-746A3C4AEC44}.Debug|Any CPU.Build.0 = Debug|Any CPU
		{D38F372B-CFA0-4B2C-9BC3-746A3C4AEC44}.Release|Any CPU.ActiveCfg = Release|Any CPU
		{D38F372B-CFA0-4B2C-9BC3-746A3C4AEC44}.Release|Any CPU.Build.0 = Release|Any CPU
		{60AD806E-4127-408E-87B0-A7326BDE7937}.Debug|Any CPU.ActiveCfg = Debug|Any CPU
		{60AD806E-4127-408E-87B0-A7326BDE7937}.Debug|Any CPU.Build.0 = Debug|Any CPU
		{60AD806E-4127-408E-87B0-A7326BDE7937}.Release|Any CPU.ActiveCfg = Release|Any CPU
		{60AD806E-4127-408E-87B0-A7326BDE7937}.Release|Any CPU.Build.0 = Release|Any CPU
		{867011A3-952A-4874-903A-51F773C499D3}.Debug|Any CPU.ActiveCfg = Debug|Any CPU
		{867011A3-952A-4874-903A-51F773C499D3}.Debug|Any CPU.Build.0 = Debug|Any CPU
		{867011A3-952A-4874-903A-51F773C499D3}.Release|Any CPU.ActiveCfg = Release|Any CPU
		{867011A3-952A-4874-903A-51F773C499D3}.Release|Any CPU.Build.0 = Release|Any CPU
		{76013C5F-7248-4D76-9CA6-CCCC1E653CA7}.Debug|Any CPU.ActiveCfg = Debug|Any CPU
		{76013C5F-7248-4D76-9CA6-CCCC1E653CA7}.Debug|Any CPU.Build.0 = Debug|Any CPU
		{76013C5F-7248-4D76-9CA6-CCCC1E653CA7}.Release|Any CPU.ActiveCfg = Release|Any CPU
		{76013C5F-7248-4D76-9CA6-CCCC1E653CA7}.Release|Any CPU.Build.0 = Release|Any CPU
		{C631FCAC-0336-4508-A024-E38134640F5C}.Debug|Any CPU.ActiveCfg = Debug|Any CPU
		{C631FCAC-0336-4508-A024-E38134640F5C}.Debug|Any CPU.Build.0 = Debug|Any CPU
		{C631FCAC-0336-4508-A024-E38134640F5C}.Release|Any CPU.ActiveCfg = Release|Any CPU
		{C631FCAC-0336-4508-A024-E38134640F5C}.Release|Any CPU.Build.0 = Release|Any CPU
		{FD01B798-0C85-470F-A8E3-57E23CB26265}.Debug|Any CPU.ActiveCfg = Debug|Any CPU
		{FD01B798-0C85-470F-A8E3-57E23CB26265}.Debug|Any CPU.Build.0 = Debug|Any CPU
		{FD01B798-0C85-470F-A8E3-57E23CB26265}.Release|Any CPU.ActiveCfg = Release|Any CPU
		{FD01B798-0C85-470F-A8E3-57E23CB26265}.Release|Any CPU.Build.0 = Release|Any CPU
		{AF49F425-C550-49FF-93D9-2919864C79BF}.Debug|Any CPU.ActiveCfg = Debug|Any CPU
		{AF49F425-C550-49FF-93D9-2919864C79BF}.Debug|Any CPU.Build.0 = Debug|Any CPU
		{AF49F425-C550-49FF-93D9-2919864C79BF}.Release|Any CPU.ActiveCfg = Release|Any CPU
		{AF49F425-C550-49FF-93D9-2919864C79BF}.Release|Any CPU.Build.0 = Release|Any CPU
		{7EBCCFD6-B6C6-4429-BF76-5FE78A16EDFD}.Debug|Any CPU.ActiveCfg = Debug|Any CPU
		{7EBCCFD6-B6C6-4429-BF76-5FE78A16EDFD}.Debug|Any CPU.Build.0 = Debug|Any CPU
		{7EBCCFD6-B6C6-4429-BF76-5FE78A16EDFD}.Release|Any CPU.ActiveCfg = Release|Any CPU
		{7EBCCFD6-B6C6-4429-BF76-5FE78A16EDFD}.Release|Any CPU.Build.0 = Release|Any CPU
		{24874ABD-CA06-477D-A082-6F96D622D5E0}.Debug|Any CPU.ActiveCfg = Debug|Any CPU
		{24874ABD-CA06-477D-A082-6F96D622D5E0}.Debug|Any CPU.Build.0 = Debug|Any CPU
		{24874ABD-CA06-477D-A082-6F96D622D5E0}.Release|Any CPU.ActiveCfg = Release|Any CPU
		{24874ABD-CA06-477D-A082-6F96D622D5E0}.Release|Any CPU.Build.0 = Release|Any CPU
		{DC74C212-9928-47F8-9BFB-B42D4E41FF4E}.Debug|Any CPU.ActiveCfg = Debug|Any CPU
		{DC74C212-9928-47F8-9BFB-B42D4E41FF4E}.Debug|Any CPU.Build.0 = Debug|Any CPU
		{DC74C212-9928-47F8-9BFB-B42D4E41FF4E}.Release|Any CPU.ActiveCfg = Release|Any CPU
		{DC74C212-9928-47F8-9BFB-B42D4E41FF4E}.Release|Any CPU.Build.0 = Release|Any CPU
		{082E896D-74CE-4705-A7ED-0E87138CF2DB}.Debug|Any CPU.ActiveCfg = Debug|Any CPU
		{082E896D-74CE-4705-A7ED-0E87138CF2DB}.Debug|Any CPU.Build.0 = Debug|Any CPU
		{082E896D-74CE-4705-A7ED-0E87138CF2DB}.Release|Any CPU.ActiveCfg = Release|Any CPU
		{082E896D-74CE-4705-A7ED-0E87138CF2DB}.Release|Any CPU.Build.0 = Release|Any CPU
		{52BB6537-D2D7-4CF0-8B81-8678076A8918}.Debug|Any CPU.ActiveCfg = Debug|Any CPU
		{52BB6537-D2D7-4CF0-8B81-8678076A8918}.Debug|Any CPU.Build.0 = Debug|Any CPU
		{52BB6537-D2D7-4CF0-8B81-8678076A8918}.Release|Any CPU.ActiveCfg = Release|Any CPU
		{52BB6537-D2D7-4CF0-8B81-8678076A8918}.Release|Any CPU.Build.0 = Release|Any CPU
	EndGlobalSection
	GlobalSection(SolutionProperties) = preSolution
		HideSolutionNode = FALSE
	EndGlobalSection
	GlobalSection(ExtensibilityGlobals) = postSolution
		SolutionGuid = {9C3C247B-5BE8-4C64-93C5-325CBA839996}
	EndGlobalSection
EndGlobal
